# THIS IS AN AUTOGENERATED FILE. DO NOT EDIT THIS FILE DIRECTLY.
# yarn lockfile v1


"@types/jquery@^2.0.40":
  version "2.0.48"
  resolved "https://registry.yarnpkg.com/@types/jquery/-/jquery-2.0.48.tgz#3e90d8cde2d29015e5583017f7830cb3975b2eef"

faye-websocket@0.9.4:
  version "0.9.4"
  resolved "https://registry.yarnpkg.com/faye-websocket/-/faye-websocket-0.9.4.tgz#885934c79effb0409549e0c0a3801ed17a40cdad"
  dependencies:
    websocket-driver ">=0.5.1"

http-parser-js@>=0.4.0:
  version "0.4.8"
  resolved "https://registry.yarnpkg.com/http-parser-js/-/http-parser-js-0.4.8.tgz#763f75c4b771a0bb44653b07070bff6ca7bc5561"

pusher-js@^4.2.1:
  version "4.2.1"
  resolved "https://registry.yarnpkg.com/pusher-js/-/pusher-js-4.2.1.tgz#7c10e2f981b8ed4390c1cbed448eb5c0967aaa22"
  dependencies:
    faye-websocket "0.9.4"
    xmlhttprequest "^1.8.0"

timeago.js@^3.0.2:
  version "3.0.2"
  resolved "https://registry.yarnpkg.com/timeago.js/-/timeago.js-3.0.2.tgz#32a67e7c0d887ea42ca588d3aae26f77de5e76cc"
  dependencies:
    "@types/jquery" "^2.0.40"

websocket-driver@>=0.5.1:
  version "0.7.0"
  resolved "https://registry.yarnpkg.com/websocket-driver/-/websocket-driver-0.7.0.tgz#0caf9d2d755d93aee049d4bdd0d3fe2cca2a24eb"
  dependencies:
    http-parser-js ">=0.4.0"
    websocket-extensions ">=0.1.1"

websocket-extensions@>=0.1.1:
  version "0.1.2"
  resolved "https://registry.yarnpkg.com/websocket-extensions/-/websocket-extensions-0.1.2.tgz#0e18781de629a18308ce1481650f67ffa2693a5d"

xmlhttprequest@^1.8.0:
  version "1.8.0"
  resolved "https://registry.yarnpkg.com/xmlhttprequest/-/xmlhttprequest-1.8.0.tgz#67fe075c5c24fef39f9d65f5f7b7fe75171968fc"
